
Microsoft Visual Studio Solution File, Format Version 12.00
# Visual Studio Version 17
VisualStudioVersion = 17.8.34525.116
MinimumVisualStudioVersion = 10.0.40219.1
Project("{2150E333-8FDC-42A3-9474-1A3956D46DE8}") = "BankingAccount", "BankingAccount", "{45AFC261-0732-4E91-88CC-AE2F2C888D1A}"
EndProject
Project("{2150E333-8FDC-42A3-9474-1A3956D46DE8}") = "Microservices", "Microservices", "{FDC417EB-B0B5-437E-B222-2CB0DDF9DEDA}"
EndProject
Project("{2150E333-8FDC-42A3-9474-1A3956D46DE8}") = "CQRS", "CQRS", "{F024B656-6776-44CF-9F15-18A5EB72FB5C}"
EndProject
Project("{2150E333-8FDC-42A3-9474-1A3956D46DE8}") = "Command", "Command", "{FEE2B3FB-6477-4935-B48C-4C4939935954}"
EndProject
Project("{2150E333-8FDC-42A3-9474-1A3956D46DE8}") = "Query", "Query", "{AA756E07-D22F-4472-AFC9-D33B93992AD7}"
EndProject
Project("{9A19103F-16F7-4668-BE54-9A1E7A4F7556}") = "Banking.Cqrs.Core", "Banking.Cqrs.Core\Banking.Cqrs.Core.csproj", "{604AA34E-8C26-44AB-9A6A-5781B1BB7257}"
EndProject
Project("{2150E333-8FDC-42A3-9474-1A3956D46DE8}") = "Elementos de la solución", "Elementos de la solución", "{8E3D97C5-F45A-4839-A40D-5DE6E9A1CB9B}"
	ProjectSection(SolutionItems) = preProject
		.gitignore = .gitignore
	EndProjectSection
EndProject
Project("{2150E333-8FDC-42A3-9474-1A3956D46DE8}") = "Api", "Api", "{5EB39611-B24C-4205-A691-DFC5995295C0}"
EndProject
Project("{2150E333-8FDC-42A3-9474-1A3956D46DE8}") = "Application", "Application", "{8F361525-C2F4-4735-9CC3-466ADE9B75BB}"
EndProject
Project("{2150E333-8FDC-42A3-9474-1A3956D46DE8}") = "Domain", "Domain", "{335ACF52-72E5-4DFB-AE68-3D64DC8EB117}"
EndProject
Project("{2150E333-8FDC-42A3-9474-1A3956D46DE8}") = "Infrastructure", "Infrastructure", "{ACCA8D21-2BEF-4176-ABCB-57E9BF97015B}"
EndProject
Project("{9A19103F-16F7-4668-BE54-9A1E7A4F7556}") = "Banking.Account.Command.Domain", "Banking.Account.Command.Domain\Banking.Account.Command.Domain.csproj", "{6B0F28D1-E373-429C-AD24-F9261290AE10}"
EndProject
Project("{9A19103F-16F7-4668-BE54-9A1E7A4F7556}") = "Banking.Account.Command.Application", "Banking.Account.Command.Application\Banking.Account.Command.Application.csproj", "{1117259D-88EA-4D23-86C4-E2B06C719240}"
EndProject
Project("{9A19103F-16F7-4668-BE54-9A1E7A4F7556}") = "Banking.Account.Command.Infrastructure", "Banking.Account.Command.Infrastructure\Banking.Account.Command.Infrastructure.csproj", "{8682E47D-F3D7-4902-A9F2-ECC379C658E0}"
EndProject
Project("{9A19103F-16F7-4668-BE54-9A1E7A4F7556}") = "Banking.Account.Command.API", "Banking.Account.Command.API\Banking.Account.Command.API.csproj", "{DD7E87C7-5F9E-4FEC-B034-A393559C4360}"
EndProject
Project("{2150E333-8FDC-42A3-9474-1A3956D46DE8}") = "Api", "Api", "{3B8FEA1C-3BA8-4F33-ACF1-58D29A1E1E07}"
EndProject
Project("{2150E333-8FDC-42A3-9474-1A3956D46DE8}") = "Application", "Application", "{E36C0F96-A1BF-47EF-983E-C859A828307C}"
EndProject
Project("{2150E333-8FDC-42A3-9474-1A3956D46DE8}") = "Domain", "Domain", "{AA9F5B65-EF50-4747-81F2-47723E4361DD}"
EndProject
Project("{2150E333-8FDC-42A3-9474-1A3956D46DE8}") = "Infrastructure", "Infrastructure", "{6AE1FDE4-A2FA-485A-8234-ED72FE4CFF93}"
EndProject
Project("{2150E333-8FDC-42A3-9474-1A3956D46DE8}") = "Consumer", "Consumer", "{D29673EF-D740-404C-AAB1-0B6608E2FFE9}"
EndProject
Project("{9A19103F-16F7-4668-BE54-9A1E7A4F7556}") = "Banking.Account.Query.Domain", "Banking.Account.Query.Domain\Banking.Account.Query.Domain.csproj", "{1062E64A-B945-416D-9679-6819583AC491}"
EndProject
Project("{9A19103F-16F7-4668-BE54-9A1E7A4F7556}") = "Banking.Account.Query.Application", "Banking.Account.Query.Application\Banking.Account.Query.Application.csproj", "{18693CCB-D104-4344-9A34-76226E15E598}"
EndProject
Project("{9A19103F-16F7-4668-BE54-9A1E7A4F7556}") = "Banking.Account.Query.Infrastructure", "Banking.Account.Query.Infrastructure\Banking.Account.Query.Infrastructure.csproj", "{7F41AA30-00F3-492F-8F7B-6032A699CBF8}"
EndProject
Project("{9A19103F-16F7-4668-BE54-9A1E7A4F7556}") = "Banking.Account.Query.Api", "Banking.Account.Query.Api\Banking.Account.Query.Api.csproj", "{947C7FE2-14F5-4BAF-975E-211E827873C4}"
EndProject
Project("{FAE04EC0-301F-11D3-BF4B-00C04F79EFBC}") = "Banking.Account.Query.Consumer", "Banking.Account.Query.Consumer\Banking.Account.Query.Consumer.csproj", "{C01672B3-0171-4F95-B9CA-CFF313A41D37}"
EndProject
Global
	GlobalSection(SolutionConfigurationPlatforms) = preSolution
		Debug|Any CPU = Debug|Any CPU
		Release|Any CPU = Release|Any CPU
	EndGlobalSection
	GlobalSection(ProjectConfigurationPlatforms) = postSolution
		{604AA34E-8C26-44AB-9A6A-5781B1BB7257}.Debug|Any CPU.ActiveCfg = Debug|Any CPU
		{604AA34E-8C26-44AB-9A6A-5781B1BB7257}.Debug|Any CPU.Build.0 = Debug|Any CPU
		{604AA34E-8C26-44AB-9A6A-5781B1BB7257}.Release|Any CPU.ActiveCfg = Release|Any CPU
		{604AA34E-8C26-44AB-9A6A-5781B1BB7257}.Release|Any CPU.Build.0 = Release|Any CPU
		{6B0F28D1-E373-429C-AD24-F9261290AE10}.Debug|Any CPU.ActiveCfg = Debug|Any CPU
		{6B0F28D1-E373-429C-AD24-F9261290AE10}.Debug|Any CPU.Build.0 = Debug|Any CPU
		{6B0F28D1-E373-429C-AD24-F9261290AE10}.Release|Any CPU.ActiveCfg = Release|Any CPU
		{6B0F28D1-E373-429C-AD24-F9261290AE10}.Release|Any CPU.Build.0 = Release|Any CPU
		{1117259D-88EA-4D23-86C4-E2B06C719240}.Debug|Any CPU.ActiveCfg = Debug|Any CPU
		{1117259D-88EA-4D23-86C4-E2B06C719240}.Debug|Any CPU.Build.0 = Debug|Any CPU
		{1117259D-88EA-4D23-86C4-E2B06C719240}.Release|Any CPU.ActiveCfg = Release|Any CPU
		{1117259D-88EA-4D23-86C4-E2B06C719240}.Release|Any CPU.Build.0 = Release|Any CPU
		{8682E47D-F3D7-4902-A9F2-ECC379C658E0}.Debug|Any CPU.ActiveCfg = Debug|Any CPU
		{8682E47D-F3D7-4902-A9F2-ECC379C658E0}.Debug|Any CPU.Build.0 = Debug|Any CPU
		{8682E47D-F3D7-4902-A9F2-ECC379C658E0}.Release|Any CPU.ActiveCfg = Release|Any CPU
		{8682E47D-F3D7-4902-A9F2-ECC379C658E0}.Release|Any CPU.Build.0 = Release|Any CPU
		{DD7E87C7-5F9E-4FEC-B034-A393559C4360}.Debug|Any CPU.ActiveCfg = Debug|Any CPU
		{DD7E87C7-5F9E-4FEC-B034-A393559C4360}.Debug|Any CPU.Build.0 = Debug|Any CPU
		{DD7E87C7-5F9E-4FEC-B034-A393559C4360}.Release|Any CPU.ActiveCfg = Release|Any CPU
		{DD7E87C7-5F9E-4FEC-B034-A393559C4360}.Release|Any CPU.Build.0 = Release|Any CPU
		{1062E64A-B945-416D-9679-6819583AC491}.Debug|Any CPU.ActiveCfg = Debug|Any CPU
		{1062E64A-B945-416D-9679-6819583AC491}.Debug|Any CPU.Build.0 = Debug|Any CPU
		{1062E64A-B945-416D-9679-6819583AC491}.Release|Any CPU.ActiveCfg = Release|Any CPU
		{1062E64A-B945-416D-9679-6819583AC491}.Release|Any CPU.Build.0 = Release|Any CPU
		{18693CCB-D104-4344-9A34-76226E15E598}.Debug|Any CPU.ActiveCfg = Debug|Any CPU
		{18693CCB-D104-4344-9A34-76226E15E598}.Debug|Any CPU.Build.0 = Debug|Any CPU
		{18693CCB-D104-4344-9A34-76226E15E598}.Release|Any CPU.ActiveCfg = Release|Any CPU
		{18693CCB-D104-4344-9A34-76226E15E598}.Release|Any CPU.Build.0 = Release|Any CPU
		{7F41AA30-00F3-492F-8F7B-6032A699CBF8}.Debug|Any CPU.ActiveCfg = Debug|Any CPU
		{7F41AA30-00F3-492F-8F7B-6032A699CBF8}.Debug|Any CPU.Build.0 = Debug|Any CPU
		{7F41AA30-00F3-492F-8F7B-6032A699CBF8}.Release|Any CPU.ActiveCfg = Release|Any CPU
		{7F41AA30-00F3-492F-8F7B-6032A699CBF8}.Release|Any CPU.Build.0 = Release|Any CPU
		{947C7FE2-14F5-4BAF-975E-211E827873C4}.Debug|Any CPU.ActiveCfg = Debug|Any CPU
		{947C7FE2-14F5-4BAF-975E-211E827873C4}.Debug|Any CPU.Build.0 = Debug|Any CPU
		{947C7FE2-14F5-4BAF-975E-211E827873C4}.Release|Any CPU.ActiveCfg = Release|Any CPU
		{947C7FE2-14F5-4BAF-975E-211E827873C4}.Release|Any CPU.Build.0 = Release|Any CPU
		{C01672B3-0171-4F95-B9CA-CFF313A41D37}.Debug|Any CPU.ActiveCfg = Debug|Any CPU
		{C01672B3-0171-4F95-B9CA-CFF313A41D37}.Debug|Any CPU.Build.0 = Debug|Any CPU
		{C01672B3-0171-4F95-B9CA-CFF313A41D37}.Release|Any CPU.ActiveCfg = Release|Any CPU
		{C01672B3-0171-4F95-B9CA-CFF313A41D37}.Release|Any CPU.Build.0 = Release|Any CPU
	EndGlobalSection
	GlobalSection(SolutionProperties) = preSolution
		HideSolutionNode = FALSE
	EndGlobalSection
	GlobalSection(NestedProjects) = preSolution
		{FDC417EB-B0B5-437E-B222-2CB0DDF9DEDA} = {45AFC261-0732-4E91-88CC-AE2F2C888D1A}
		{FEE2B3FB-6477-4935-B48C-4C4939935954} = {FDC417EB-B0B5-437E-B222-2CB0DDF9DEDA}
		{AA756E07-D22F-4472-AFC9-D33B93992AD7} = {FDC417EB-B0B5-437E-B222-2CB0DDF9DEDA}
		{604AA34E-8C26-44AB-9A6A-5781B1BB7257} = {F024B656-6776-44CF-9F15-18A5EB72FB5C}
		{5EB39611-B24C-4205-A691-DFC5995295C0} = {FEE2B3FB-6477-4935-B48C-4C4939935954}
		{8F361525-C2F4-4735-9CC3-466ADE9B75BB} = {FEE2B3FB-6477-4935-B48C-4C4939935954}
		{335ACF52-72E5-4DFB-AE68-3D64DC8EB117} = {FEE2B3FB-6477-4935-B48C-4C4939935954}
		{ACCA8D21-2BEF-4176-ABCB-57E9BF97015B} = {FEE2B3FB-6477-4935-B48C-4C4939935954}
		{6B0F28D1-E373-429C-AD24-F9261290AE10} = {335ACF52-72E5-4DFB-AE68-3D64DC8EB117}
		{1117259D-88EA-4D23-86C4-E2B06C719240} = {8F361525-C2F4-4735-9CC3-466ADE9B75BB}
		{8682E47D-F3D7-4902-A9F2-ECC379C658E0} = {ACCA8D21-2BEF-4176-ABCB-57E9BF97015B}
		{DD7E87C7-5F9E-4FEC-B034-A393559C4360} = {5EB39611-B24C-4205-A691-DFC5995295C0}
		{3B8FEA1C-3BA8-4F33-ACF1-58D29A1E1E07} = {AA756E07-D22F-4472-AFC9-D33B93992AD7}
		{E36C0F96-A1BF-47EF-983E-C859A828307C} = {AA756E07-D22F-4472-AFC9-D33B93992AD7}
		{AA9F5B65-EF50-4747-81F2-47723E4361DD} = {AA756E07-D22F-4472-AFC9-D33B93992AD7}
		{6AE1FDE4-A2FA-485A-8234-ED72FE4CFF93} = {AA756E07-D22F-4472-AFC9-D33B93992AD7}
		{D29673EF-D740-404C-AAB1-0B6608E2FFE9} = {AA756E07-D22F-4472-AFC9-D33B93992AD7}
		{1062E64A-B945-416D-9679-6819583AC491} = {AA9F5B65-EF50-4747-81F2-47723E4361DD}
		{18693CCB-D104-4344-9A34-76226E15E598} = {E36C0F96-A1BF-47EF-983E-C859A828307C}
		{7F41AA30-00F3-492F-8F7B-6032A699CBF8} = {6AE1FDE4-A2FA-485A-8234-ED72FE4CFF93}
		{947C7FE2-14F5-4BAF-975E-211E827873C4} = {3B8FEA1C-3BA8-4F33-ACF1-58D29A1E1E07}
		{C01672B3-0171-4F95-B9CA-CFF313A41D37} = {D29673EF-D740-404C-AAB1-0B6608E2FFE9}
	EndGlobalSection
	GlobalSection(ExtensibilityGlobals) = postSolution
		SolutionGuid = {18F9E7D9-F799-419A-89F9-59BFCF45C6C2}
	EndGlobalSection
EndGlobal
